PODS:
  - RxCocoa (6.2.0):
    - RxRelay (= 6.2.0)
    - RxSwift (= 6.2.0)
  - RxRelay (6.2.0):
    - RxSwift (= 6.2.0)
  - RxSwift (6.2.0)
  - WYPopoverController (0.3.9)

DEPENDENCIES:
  - RxCocoa (~> 6.2.0)
  - RxSwift (~> 6.2.0)
  - WYPopoverController

SPEC REPOS:
  trunk:
    - RxCocoa
    - RxRelay
    - RxSwift
    - WYPopoverController

SPEC CHECKSUMS:
  RxCocoa: 4baf94bb35f2c0ab31bc0cb9f1900155f646ba42
  RxRelay: e72dbfd157807478401ef1982e1c61c945c94b2f
  RxSwift: d356ab7bee873611322f134c5f9ef379fa183d8f
  WYPopoverController: a9db25ac2841a686acdc0f3a99bdb21545db32f4

PODFILE CHECKSUM: 847eb703c22a5edabc1094486bd4abe9c8938753

COCOAPODS: 1.10.1
